
Microsoft Visual Studio Solution File, Format Version 12.00
# Visual Studio Version 18
VisualStudioVersion = 18.0.11012.119
MinimumVisualStudioVersion = 10.0.40219.1
Project("{FAE04EC0-301F-11D3-BF4B-00C04F79EFBC}") = "Snowberry.Mediator", "Snowberry.Mediator\Snowberry.Mediator.csproj", "{8C4919C6-6E70-4B8F-A648-B3A82AE97B4F}"
EndProject
Project("{FAE04EC0-301F-11D3-BF4B-00C04F79EFBC}") = "Snowberry.Mediator.Abstractions", "Snowberry.Mediator.Abstractions\Snowberry.Mediator.Abstractions.csproj", "{8F152462-6369-4CD3-9C17-062D4BA7827D}"
EndProject
Project("{2150E333-8FDC-42A3-9474-1A3956D46DE8}") = "Tests", "Tests", "{02EA681E-C7D8-13C7-8484-4AC65E1B71E8}"
EndProject
Project("{FAE04EC0-301F-11D3-BF4B-00C04F79EFBC}") = "Snowberry.Mediator.Tests.Common", "Snowberry.Mediator.Tests.Common\Snowberry.Mediator.Tests.Common.csproj", "{F9C3326B-B695-4023-B203-A11A7793AC56}"
EndProject
Project("{FAE04EC0-301F-11D3-BF4B-00C04F79EFBC}") = "Snowberry.Mediator.Tests", "Snowberry.Mediator.Tests\Snowberry.Mediator.Tests.csproj", "{CA40BAC1-7284-4171-807D-0A2505968CB3}"
EndProject
Project("{2150E333-8FDC-42A3-9474-1A3956D46DE8}") = "Extensions", "Extensions", "{7A6752CB-F4A3-40D8-8A78-63ED1DC5EF0C}"
EndProject
Project("{FAE04EC0-301F-11D3-BF4B-00C04F79EFBC}") = "Snowberry.Mediator.Extensions.DependencyInjection", "Snowberry.Mediator.Extensions.DependencyInjection\Snowberry.Mediator.Extensions.DependencyInjection.csproj", "{5CBE1A87-54E8-4A44-A233-0E9EC905C51B}"
EndProject
Project("{FAE04EC0-301F-11D3-BF4B-00C04F79EFBC}") = "Snowberry.Mediator.DependencyInjection", "Snowberry.Mediator.DependencyInjection\Snowberry.Mediator.DependencyInjection.csproj", "{8FD5ACA9-63EE-43C5-A143-D5C3AB3953D0}"
EndProject
Project("{FAE04EC0-301F-11D3-BF4B-00C04F79EFBC}") = "Snowberry.Mediator.DependencyInjection.Shared", "Snowberry.Mediator.DependencyInjection.Shared\Snowberry.Mediator.DependencyInjection.Shared.csproj", "{22DD0E84-EC8E-4FC9-ADB1-49F2DFC91522}"
EndProject
Project("{2150E333-8FDC-42A3-9474-1A3956D46DE8}") = "Benchmarks", "Benchmarks", "{66320409-64EC-F7C5-3DEF-65E7510DAAD1}"
EndProject
Project("{FAE04EC0-301F-11D3-BF4B-00C04F79EFBC}") = "Snowberry.Mediator.Benchmarks", "Snowberry.Mediator.Benchmarks\Snowberry.Mediator.Benchmarks.csproj", "{1E704D67-7282-4E3D-9661-44B7D27C3755}"
EndProject
Project("{FAE04EC0-301F-11D3-BF4B-00C04F79EFBC}") = "Snowberry.Mediator.OpenTelemetry.Shared", "Snowberry.Mediator.OpenTelemetry.Shared\Snowberry.Mediator.OpenTelemetry.Shared.csproj", "{9D6ABCEF-D8C8-4C28-9379-99979020C2A7}"
EndProject
Project("{FAE04EC0-301F-11D3-BF4B-00C04F79EFBC}") = "Snowberry.Mediator.Extensions.OpenTelemetry", "Snowberry.Mediator.Extensions.OpenTelemetry\Snowberry.Mediator.Extensions.OpenTelemetry.csproj", "{03EC6BF8-10D7-45DD-9567-12FF38F5FBEB}"
EndProject
Project("{FAE04EC0-301F-11D3-BF4B-00C04F79EFBC}") = "Snowberry.Mediator.OpenTelemetry", "Snowberry.Mediator.OpenTelemetry\Snowberry.Mediator.OpenTelemetry.csproj", "{CDB0FE27-87BA-49E1-8B38-F22E4BCB2787}"
EndProject
Project("{FAE04EC0-301F-11D3-BF4B-00C04F79EFBC}") = "Snowberry.Mediator.SourceGenerator", "Snowberry.Mediator.SourceGenerator\Snowberry.Mediator.SourceGenerator.csproj", "{CA8C8C76-BAB9-4E47-B288-D89A7513FCA7}"
EndProject
Project("{FAE04EC0-301F-11D3-BF4B-00C04F79EFBC}") = "Snowberry.Mediator.SourceGenerator.Tests", "Snowberry.Mediator.SourceGenerator.Tests\Snowberry.Mediator.SourceGenerator.Tests.csproj", "{D153416D-7E07-4108-98F6-915D5F3790E1}"
EndProject
Project("{2150E333-8FDC-42A3-9474-1A3956D46DE8}") = "Samples", "Samples", "{5D20AA90-6969-D8BD-9DCD-8634F4692FDA}"
EndProject
Project("{FAE04EC0-301F-11D3-BF4B-00C04F79EFBC}") = "Snowberry.Mediator.SourceGenerator.Sample", "..\samples\Snowberry.Mediator.SourceGenerator.Sample\Snowberry.Mediator.SourceGenerator.Sample.csproj", "{FC69DE07-61F0-40ED-BE1E-312763E4329F}"
EndProject
Project("{FAE04EC0-301F-11D3-BF4B-00C04F79EFBC}") = "Snowberry.Mediator.SourceGenerator.Sample.Handlers", "..\samples\Snowberry.Mediator.SourceGenerator.Sample.Handlers\Snowberry.Mediator.SourceGenerator.Sample.Handlers.csproj", "{45D8C5AF-D1AF-494B-9A66-C9179E6C8FAE}"
EndProject
Global
	GlobalSection(SolutionConfigurationPlatforms) = preSolution
		Debug|Any CPU = Debug|Any CPU
		Debug|x64 = Debug|x64
		Debug|x86 = Debug|x86
		Release|Any CPU = Release|Any CPU
		Release|x64 = Release|x64
		Release|x86 = Release|x86
	EndGlobalSection
	GlobalSection(ProjectConfigurationPlatforms) = postSolution
		{8C4919C6-6E70-4B8F-A648-B3A82AE97B4F}.Debug|Any CPU.ActiveCfg = Debug|Any CPU
		{8C4919C6-6E70-4B8F-A648-B3A82AE97B4F}.Debug|Any CPU.Build.0 = Debug|Any CPU
		{8C4919C6-6E70-4B8F-A648-B3A82AE97B4F}.Debug|x64.ActiveCfg = Debug|Any CPU
		{8C4919C6-6E70-4B8F-A648-B3A82AE97B4F}.Debug|x64.Build.0 = Debug|Any CPU
		{8C4919C6-6E70-4B8F-A648-B3A82AE97B4F}.Debug|x86.ActiveCfg = Debug|Any CPU
		{8C4919C6-6E70-4B8F-A648-B3A82AE97B4F}.Debug|x86.Build.0 = Debug|Any CPU
		{8C4919C6-6E70-4B8F-A648-B3A82AE97B4F}.Release|Any CPU.ActiveCfg = Release|Any CPU
		{8C4919C6-6E70-4B8F-A648-B3A82AE97B4F}.Release|Any CPU.Build.0 = Release|Any CPU
		{8C4919C6-6E70-4B8F-A648-B3A82AE97B4F}.Release|x64.ActiveCfg = Release|Any CPU
		{8C4919C6-6E70-4B8F-A648-B3A82AE97B4F}.Release|x64.Build.0 = Release|Any CPU
		{8C4919C6-6E70-4B8F-A648-B3A82AE97B4F}.Release|x86.ActiveCfg = Release|Any CPU
		{8C4919C6-6E70-4B8F-A648-B3A82AE97B4F}.Release|x86.Build.0 = Release|Any CPU
		{8F152462-6369-4CD3-9C17-062D4BA7827D}.Debug|Any CPU.ActiveCfg = Debug|Any CPU
		{8F152462-6369-4CD3-9C17-062D4BA7827D}.Debug|Any CPU.Build.0 = Debug|Any CPU
		{8F152462-6369-4CD3-9C17-062D4BA7827D}.Debug|x64.ActiveCfg = Debug|Any CPU
		{8F152462-6369-4CD3-9C17-062D4BA7827D}.Debug|x64.Build.0 = Debug|Any CPU
		{8F152462-6369-4CD3-9C17-062D4BA7827D}.Debug|x86.ActiveCfg = Debug|Any CPU
		{8F152462-6369-4CD3-9C17-062D4BA7827D}.Debug|x86.Build.0 = Debug|Any CPU
		{8F152462-6369-4CD3-9C17-062D4BA7827D}.Release|Any CPU.ActiveCfg = Release|Any CPU
		{8F152462-6369-4CD3-9C17-062D4BA7827D}.Release|Any CPU.Build.0 = Release|Any CPU
		{8F152462-6369-4CD3-9C17-062D4BA7827D}.Release|x64.ActiveCfg = Release|Any CPU
		{8F152462-6369-4CD3-9C17-062D4BA7827D}.Release|x64.Build.0 = Release|Any CPU
		{8F152462-6369-4CD3-9C17-062D4BA7827D}.Release|x86.ActiveCfg = Release|Any CPU
		{8F152462-6369-4CD3-9C17-062D4BA7827D}.Release|x86.Build.0 = Release|Any CPU
		{F9C3326B-B695-4023-B203-A11A7793AC56}.Debug|Any CPU.ActiveCfg = Debug|Any CPU
		{F9C3326B-B695-4023-B203-A11A7793AC56}.Debug|Any CPU.Build.0 = Debug|Any CPU
		{F9C3326B-B695-4023-B203-A11A7793AC56}.Debug|x64.ActiveCfg = Debug|Any CPU
		{F9C3326B-B695-4023-B203-A11A7793AC56}.Debug|x64.Build.0 = Debug|Any CPU
		{F9C3326B-B695-4023-B203-A11A7793AC56}.Debug|x86.ActiveCfg = Debug|Any CPU
		{F9C3326B-B695-4023-B203-A11A7793AC56}.Debug|x86.Build.0 = Debug|Any CPU
		{F9C3326B-B695-4023-B203-A11A7793AC56}.Release|Any CPU.ActiveCfg = Release|Any CPU
		{F9C3326B-B695-4023-B203-A11A7793AC56}.Release|Any CPU.Build.0 = Release|Any CPU
		{F9C3326B-B695-4023-B203-A11A7793AC56}.Release|x64.ActiveCfg = Release|Any CPU
		{F9C3326B-B695-4023-B203-A11A7793AC56}.Release|x64.Build.0 = Release|Any CPU
		{F9C3326B-B695-4023-B203-A11A7793AC56}.Release|x86.ActiveCfg = Release|Any CPU
		{F9C3326B-B695-4023-B203-A11A7793AC56}.Release|x86.Build.0 = Release|Any CPU
		{CA40BAC1-7284-4171-807D-0A2505968CB3}.Debug|Any CPU.ActiveCfg = Debug|Any CPU
		{CA40BAC1-7284-4171-807D-0A2505968CB3}.Debug|Any CPU.Build.0 = Debug|Any CPU
		{CA40BAC1-7284-4171-807D-0A2505968CB3}.Debug|x64.ActiveCfg = Debug|Any CPU
		{CA40BAC1-7284-4171-807D-0A2505968CB3}.Debug|x64.Build.0 = Debug|Any CPU
		{CA40BAC1-7284-4171-807D-0A2505968CB3}.Debug|x86.ActiveCfg = Debug|Any CPU
		{CA40BAC1-7284-4171-807D-0A2505968CB3}.Debug|x86.Build.0 = Debug|Any CPU
		{CA40BAC1-7284-4171-807D-0A2505968CB3}.Release|Any CPU.ActiveCfg = Release|Any CPU
		{CA40BAC1-7284-4171-807D-0A2505968CB3}.Release|Any CPU.Build.0 = Release|Any CPU
		{CA40BAC1-7284-4171-807D-0A2505968CB3}.Release|x64.ActiveCfg = Release|Any CPU
		{CA40BAC1-7284-4171-807D-0A2505968CB3}.Release|x64.Build.0 = Release|Any CPU
		{CA40BAC1-7284-4171-807D-0A2505968CB3}.Release|x86.ActiveCfg = Release|Any CPU
		{CA40BAC1-7284-4171-807D-0A2505968CB3}.Release|x86.Build.0 = Release|Any CPU
		{5CBE1A87-54E8-4A44-A233-0E9EC905C51B}.Debug|Any CPU.ActiveCfg = Debug|Any CPU
		{5CBE1A87-54E8-4A44-A233-0E9EC905C51B}.Debug|Any CPU.Build.0 = Debug|Any CPU
		{5CBE1A87-54E8-4A44-A233-0E9EC905C51B}.Debug|x64.ActiveCfg = Debug|Any CPU
		{5CBE1A87-54E8-4A44-A233-0E9EC905C51B}.Debug|x64.Build.0 = Debug|Any CPU
		{5CBE1A87-54E8-4A44-A233-0E9EC905C51B}.Debug|x86.ActiveCfg = Debug|Any CPU
		{5CBE1A87-54E8-4A44-A233-0E9EC905C51B}.Debug|x86.Build.0 = Debug|Any CPU
		{5CBE1A87-54E8-4A44-A233-0E9EC905C51B}.Release|Any CPU.ActiveCfg = Release|Any CPU
		{5CBE1A87-54E8-4A44-A233-0E9EC905C51B}.Release|Any CPU.Build.0 = Release|Any CPU
		{5CBE1A87-54E8-4A44-A233-0E9EC905C51B}.Release|x64.ActiveCfg = Release|Any CPU
		{5CBE1A87-54E8-4A44-A233-0E9EC905C51B}.Release|x64.Build.0 = Release|Any CPU
		{5CBE1A87-54E8-4A44-A233-0E9EC905C51B}.Release|x86.ActiveCfg = Release|Any CPU
		{5CBE1A87-54E8-4A44-A233-0E9EC905C51B}.Release|x86.Build.0 = Release|Any CPU
		{8FD5ACA9-63EE-43C5-A143-D5C3AB3953D0}.Debug|Any CPU.ActiveCfg = Debug|Any CPU
		{8FD5ACA9-63EE-43C5-A143-D5C3AB3953D0}.Debug|Any CPU.Build.0 = Debug|Any CPU
		{8FD5ACA9-63EE-43C5-A143-D5C3AB3953D0}.Debug|x64.ActiveCfg = Debug|Any CPU
		{8FD5ACA9-63EE-43C5-A143-D5C3AB3953D0}.Debug|x64.Build.0 = Debug|Any CPU
		{8FD5ACA9-63EE-43C5-A143-D5C3AB3953D0}.Debug|x86.ActiveCfg = Debug|Any CPU
		{8FD5ACA9-63EE-43C5-A143-D5C3AB3953D0}.Debug|x86.Build.0 = Debug|Any CPU
		{8FD5ACA9-63EE-43C5-A143-D5C3AB3953D0}.Release|Any CPU.ActiveCfg = Release|Any CPU
		{8FD5ACA9-63EE-43C5-A143-D5C3AB3953D0}.Release|Any CPU.Build.0 = Release|Any CPU
		{8FD5ACA9-63EE-43C5-A143-D5C3AB3953D0}.Release|x64.ActiveCfg = Release|Any CPU
		{8FD5ACA9-63EE-43C5-A143-D5C3AB3953D0}.Release|x64.Build.0 = Release|Any CPU
		{8FD5ACA9-63EE-43C5-A143-D5C3AB3953D0}.Release|x86.ActiveCfg = Release|Any CPU
		{8FD5ACA9-63EE-43C5-A143-D5C3AB3953D0}.Release|x86.Build.0 = Release|Any CPU
		{22DD0E84-EC8E-4FC9-ADB1-49F2DFC91522}.Debug|Any CPU.ActiveCfg = Debug|Any CPU
		{22DD0E84-EC8E-4FC9-ADB1-49F2DFC91522}.Debug|Any CPU.Build.0 = Debug|Any CPU
		{22DD0E84-EC8E-4FC9-ADB1-49F2DFC91522}.Debug|x64.ActiveCfg = Debug|Any CPU
		{22DD0E84-EC8E-4FC9-ADB1-49F2DFC91522}.Debug|x64.Build.0 = Debug|Any CPU
		{22DD0E84-EC8E-4FC9-ADB1-49F2DFC91522}.Debug|x86.ActiveCfg = Debug|Any CPU
		{22DD0E84-EC8E-4FC9-ADB1-49F2DFC91522}.Debug|x86.Build.0 = Debug|Any CPU
		{22DD0E84-EC8E-4FC9-ADB1-49F2DFC91522}.Release|Any CPU.ActiveCfg = Release|Any CPU
		{22DD0E84-EC8E-4FC9-ADB1-49F2DFC91522}.Release|Any CPU.Build.0 = Release|Any CPU
		{22DD0E84-EC8E-4FC9-ADB1-49F2DFC91522}.Release|x64.ActiveCfg = Release|Any CPU
		{22DD0E84-EC8E-4FC9-ADB1-49F2DFC91522}.Release|x64.Build.0 = Release|Any CPU
		{22DD0E84-EC8E-4FC9-ADB1-49F2DFC91522}.Release|x86.ActiveCfg = Release|Any CPU
		{22DD0E84-EC8E-4FC9-ADB1-49F2DFC91522}.Release|x86.Build.0 = Release|Any CPU
		{1E704D67-7282-4E3D-9661-44B7D27C3755}.Debug|Any CPU.ActiveCfg = Debug|Any CPU
		{1E704D67-7282-4E3D-9661-44B7D27C3755}.Debug|Any CPU.Build.0 = Debug|Any CPU
		{1E704D67-7282-4E3D-9661-44B7D27C3755}.Debug|x64.ActiveCfg = Debug|Any CPU
		{1E704D67-7282-4E3D-9661-44B7D27C3755}.Debug|x64.Build.0 = Debug|Any CPU
		{1E704D67-7282-4E3D-9661-44B7D27C3755}.Debug|x86.ActiveCfg = Debug|Any CPU
		{1E704D67-7282-4E3D-9661-44B7D27C3755}.Debug|x86.Build.0 = Debug|Any CPU
		{1E704D67-7282-4E3D-9661-44B7D27C3755}.Release|Any CPU.ActiveCfg = Release|Any CPU
		{1E704D67-7282-4E3D-9661-44B7D27C3755}.Release|Any CPU.Build.0 = Release|Any CPU
		{1E704D67-7282-4E3D-9661-44B7D27C3755}.Release|x64.ActiveCfg = Release|Any CPU
		{1E704D67-7282-4E3D-9661-44B7D27C3755}.Release|x64.Build.0 = Release|Any CPU
		{1E704D67-7282-4E3D-9661-44B7D27C3755}.Release|x86.ActiveCfg = Release|Any CPU
		{1E704D67-7282-4E3D-9661-44B7D27C3755}.Release|x86.Build.0 = Release|Any CPU
		{9D6ABCEF-D8C8-4C28-9379-99979020C2A7}.Debug|Any CPU.ActiveCfg = Debug|Any CPU
		{9D6ABCEF-D8C8-4C28-9379-99979020C2A7}.Debug|Any CPU.Build.0 = Debug|Any CPU
		{9D6ABCEF-D8C8-4C28-9379-99979020C2A7}.Debug|x64.ActiveCfg = Debug|x64
		{9D6ABCEF-D8C8-4C28-9379-99979020C2A7}.Debug|x64.Build.0 = Debug|x64
		{9D6ABCEF-D8C8-4C28-9379-99979020C2A7}.Debug|x86.ActiveCfg = Debug|x86
		{9D6ABCEF-D8C8-4C28-9379-99979020C2A7}.Debug|x86.Build.0 = Debug|x86
		{9D6ABCEF-D8C8-4C28-9379-99979020C2A7}.Release|Any CPU.ActiveCfg = Release|Any CPU
		{9D6ABCEF-D8C8-4C28-9379-99979020C2A7}.Release|Any CPU.Build.0 = Release|Any CPU
		{9D6ABCEF-D8C8-4C28-9379-99979020C2A7}.Release|x64.ActiveCfg = Release|x64
		{9D6ABCEF-D8C8-4C28-9379-99979020C2A7}.Release|x64.Build.0 = Release|x64
		{9D6ABCEF-D8C8-4C28-9379-99979020C2A7}.Release|x86.ActiveCfg = Release|x86
		{9D6ABCEF-D8C8-4C28-9379-99979020C2A7}.Release|x86.Build.0 = Release|x86
		{03EC6BF8-10D7-45DD-9567-12FF38F5FBEB}.Debug|Any CPU.ActiveCfg = Debug|Any CPU
		{03EC6BF8-10D7-45DD-9567-12FF38F5FBEB}.Debug|Any CPU.Build.0 = Debug|Any CPU
		{03EC6BF8-10D7-45DD-9567-12FF38F5FBEB}.Debug|x64.ActiveCfg = Debug|x64
		{03EC6BF8-10D7-45DD-9567-12FF38F5FBEB}.Debug|x64.Build.0 = Debug|x64
		{03EC6BF8-10D7-45DD-9567-12FF38F5FBEB}.Debug|x86.ActiveCfg = Debug|x86
		{03EC6BF8-10D7-45DD-9567-12FF38F5FBEB}.Debug|x86.Build.0 = Debug|x86
		{03EC6BF8-10D7-45DD-9567-12FF38F5FBEB}.Release|Any CPU.ActiveCfg = Release|Any CPU
		{03EC6BF8-10D7-45DD-9567-12FF38F5FBEB}.Release|Any CPU.Build.0 = Release|Any CPU
		{03EC6BF8-10D7-45DD-9567-12FF38F5FBEB}.Release|x64.ActiveCfg = Release|x64
		{03EC6BF8-10D7-45DD-9567-12FF38F5FBEB}.Release|x64.Build.0 = Release|x64
		{03EC6BF8-10D7-45DD-9567-12FF38F5FBEB}.Release|x86.ActiveCfg = Release|x86
		{03EC6BF8-10D7-45DD-9567-12FF38F5FBEB}.Release|x86.Build.0 = Release|x86
		{CDB0FE27-87BA-49E1-8B38-F22E4BCB2787}.Debug|Any CPU.ActiveCfg = Debug|Any CPU
		{CDB0FE27-87BA-49E1-8B38-F22E4BCB2787}.Debug|Any CPU.Build.0 = Debug|Any CPU
		{CDB0FE27-87BA-49E1-8B38-F22E4BCB2787}.Debug|x64.ActiveCfg = Debug|x64
		{CDB0FE27-87BA-49E1-8B38-F22E4BCB2787}.Debug|x64.Build.0 = Debug|x64
		{CDB0FE27-87BA-49E1-8B38-F22E4BCB2787}.Debug|x86.ActiveCfg = Debug|x86
		{CDB0FE27-87BA-49E1-8B38-F22E4BCB2787}.Debug|x86.Build.0 = Debug|x86
		{CDB0FE27-87BA-49E1-8B38-F22E4BCB2787}.Release|Any CPU.ActiveCfg = Release|Any CPU
		{CDB0FE27-87BA-49E1-8B38-F22E4BCB2787}.Release|Any CPU.Build.0 = Release|Any CPU
		{CDB0FE27-87BA-49E1-8B38-F22E4BCB2787}.Release|x64.ActiveCfg = Release|x64
		{CDB0FE27-87BA-49E1-8B38-F22E4BCB2787}.Release|x64.Build.0 = Release|x64
		{CDB0FE27-87BA-49E1-8B38-F22E4BCB2787}.Release|x86.ActiveCfg = Release|x86
		{CDB0FE27-87BA-49E1-8B38-F22E4BCB2787}.Release|x86.Build.0 = Release|x86
		{CA8C8C76-BAB9-4E47-B288-D89A7513FCA7}.Debug|Any CPU.ActiveCfg = Debug|Any CPU
		{CA8C8C76-BAB9-4E47-B288-D89A7513FCA7}.Debug|Any CPU.Build.0 = Debug|Any CPU
		{CA8C8C76-BAB9-4E47-B288-D89A7513FCA7}.Debug|x64.ActiveCfg = Debug|x64
		{CA8C8C76-BAB9-4E47-B288-D89A7513FCA7}.Debug|x64.Build.0 = Debug|x64
		{CA8C8C76-BAB9-4E47-B288-D89A7513FCA7}.Debug|x86.ActiveCfg = Debug|x86
		{CA8C8C76-BAB9-4E47-B288-D89A7513FCA7}.Debug|x86.Build.0 = Debug|x86
		{CA8C8C76-BAB9-4E47-B288-D89A7513FCA7}.Release|Any CPU.ActiveCfg = Release|Any CPU
		{CA8C8C76-BAB9-4E47-B288-D89A7513FCA7}.Release|Any CPU.Build.0 = Release|Any CPU
		{CA8C8C76-BAB9-4E47-B288-D89A7513FCA7}.Release|x64.ActiveCfg = Release|x64
		{CA8C8C76-BAB9-4E47-B288-D89A7513FCA7}.Release|x64.Build.0 = Release|x64
		{CA8C8C76-BAB9-4E47-B288-D89A7513FCA7}.Release|x86.ActiveCfg = Release|x86
		{CA8C8C76-BAB9-4E47-B288-D89A7513FCA7}.Release|x86.Build.0 = Release|x86
		{D153416D-7E07-4108-98F6-915D5F3790E1}.Debug|Any CPU.ActiveCfg = Debug|Any CPU
		{D153416D-7E07-4108-98F6-915D5F3790E1}.Debug|Any CPU.Build.0 = Debug|Any CPU
		{D153416D-7E07-4108-98F6-915D5F3790E1}.Debug|x64.ActiveCfg = Debug|Any CPU
		{D153416D-7E07-4108-98F6-915D5F3790E1}.Debug|x64.Build.0 = Debug|Any CPU
		{D153416D-7E07-4108-98F6-915D5F3790E1}.Debug|x86.ActiveCfg = Debug|Any CPU
		{D153416D-7E07-4108-98F6-915D5F3790E1}.Debug|x86.Build.0 = Debug|Any CPU
		{D153416D-7E07-4108-98F6-915D5F3790E1}.Release|Any CPU.ActiveCfg = Release|Any CPU
		{D153416D-7E07-4108-98F6-915D5F3790E1}.Release|Any CPU.Build.0 = Release|Any CPU
		{D153416D-7E07-4108-98F6-915D5F3790E1}.Release|x64.ActiveCfg = Release|Any CPU
		{D153416D-7E07-4108-98F6-915D5F3790E1}.Release|x64.Build.0 = Release|Any CPU
		{D153416D-7E07-4108-98F6-915D5F3790E1}.Release|x86.ActiveCfg = Release|Any CPU
		{D153416D-7E07-4108-98F6-915D5F3790E1}.Release|x86.Build.0 = Release|Any CPU
		{FC69DE07-61F0-40ED-BE1E-312763E4329F}.Debug|Any CPU.ActiveCfg = Debug|Any CPU
		{FC69DE07-61F0-40ED-BE1E-312763E4329F}.Debug|Any CPU.Build.0 = Debug|Any CPU
		{FC69DE07-61F0-40ED-BE1E-312763E4329F}.Debug|x64.ActiveCfg = Debug|Any CPU
		{FC69DE07-61F0-40ED-BE1E-312763E4329F}.Debug|x64.Build.0 = Debug|Any CPU
		{FC69DE07-61F0-40ED-BE1E-312763E4329F}.Debug|x86.ActiveCfg = Debug|Any CPU
		{FC69DE07-61F0-40ED-BE1E-312763E4329F}.Debug|x86.Build.0 = Debug|Any CPU
		{FC69DE07-61F0-40ED-BE1E-312763E4329F}.Release|Any CPU.ActiveCfg = Release|Any CPU
		{FC69DE07-61F0-40ED-BE1E-312763E4329F}.Release|Any CPU.Build.0 = Release|Any CPU
		{FC69DE07-61F0-40ED-BE1E-312763E4329F}.Release|x64.ActiveCfg = Release|Any CPU
		{FC69DE07-61F0-40ED-BE1E-312763E4329F}.Release|x64.Build.0 = Release|Any CPU
		{FC69DE07-61F0-40ED-BE1E-312763E4329F}.Release|x86.ActiveCfg = Release|Any CPU
		{FC69DE07-61F0-40ED-BE1E-312763E4329F}.Release|x86.Build.0 = Release|Any CPU
		{45D8C5AF-D1AF-494B-9A66-C9179E6C8FAE}.Debug|Any CPU.ActiveCfg = Debug|Any CPU
		{45D8C5AF-D1AF-494B-9A66-C9179E6C8FAE}.Debug|Any CPU.Build.0 = Debug|Any CPU
		{45D8C5AF-D1AF-494B-9A66-C9179E6C8FAE}.Debug|x64.ActiveCfg = Debug|Any CPU
		{45D8C5AF-D1AF-494B-9A66-C9179E6C8FAE}.Debug|x64.Build.0 = Debug|Any CPU
		{45D8C5AF-D1AF-494B-9A66-C9179E6C8FAE}.Debug|x86.ActiveCfg = Debug|Any CPU
		{45D8C5AF-D1AF-494B-9A66-C9179E6C8FAE}.Debug|x86.Build.0 = Debug|Any CPU
		{45D8C5AF-D1AF-494B-9A66-C9179E6C8FAE}.Release|Any CPU.ActiveCfg = Release|Any CPU
		{45D8C5AF-D1AF-494B-9A66-C9179E6C8FAE}.Release|Any CPU.Build.0 = Release|Any CPU
		{45D8C5AF-D1AF-494B-9A66-C9179E6C8FAE}.Release|x64.ActiveCfg = Release|Any CPU
		{45D8C5AF-D1AF-494B-9A66-C9179E6C8FAE}.Release|x64.Build.0 = Release|Any CPU
		{45D8C5AF-D1AF-494B-9A66-C9179E6C8FAE}.Release|x86.ActiveCfg = Release|Any CPU
		{45D8C5AF-D1AF-494B-9A66-C9179E6C8FAE}.Release|x86.Build.0 = Release|Any CPU
	EndGlobalSection
	GlobalSection(SolutionProperties) = preSolution
		HideSolutionNode = FALSE
	EndGlobalSection
	GlobalSection(NestedProjects) = preSolution
		{F9C3326B-B695-4023-B203-A11A7793AC56} = {02EA681E-C7D8-13C7-8484-4AC65E1B71E8}
		{CA40BAC1-7284-4171-807D-0A2505968CB3} = {02EA681E-C7D8-13C7-8484-4AC65E1B71E8}
		{5CBE1A87-54E8-4A44-A233-0E9EC905C51B} = {7A6752CB-F4A3-40D8-8A78-63ED1DC5EF0C}
		{8FD5ACA9-63EE-43C5-A143-D5C3AB3953D0} = {7A6752CB-F4A3-40D8-8A78-63ED1DC5EF0C}
		{22DD0E84-EC8E-4FC9-ADB1-49F2DFC91522} = {7A6752CB-F4A3-40D8-8A78-63ED1DC5EF0C}
		{1E704D67-7282-4E3D-9661-44B7D27C3755} = {66320409-64EC-F7C5-3DEF-65E7510DAAD1}
		{9D6ABCEF-D8C8-4C28-9379-99979020C2A7} = {7A6752CB-F4A3-40D8-8A78-63ED1DC5EF0C}
		{03EC6BF8-10D7-45DD-9567-12FF38F5FBEB} = {7A6752CB-F4A3-40D8-8A78-63ED1DC5EF0C}
		{CDB0FE27-87BA-49E1-8B38-F22E4BCB2787} = {7A6752CB-F4A3-40D8-8A78-63ED1DC5EF0C}
		{CA8C8C76-BAB9-4E47-B288-D89A7513FCA7} = {7A6752CB-F4A3-40D8-8A78-63ED1DC5EF0C}
		{D153416D-7E07-4108-98F6-915D5F3790E1} = {7A6752CB-F4A3-40D8-8A78-63ED1DC5EF0C}
		{FC69DE07-61F0-40ED-BE1E-312763E4329F} = {5D20AA90-6969-D8BD-9DCD-8634F4692FDA}
		{45D8C5AF-D1AF-494B-9A66-C9179E6C8FAE} = {5D20AA90-6969-D8BD-9DCD-8634F4692FDA}
	EndGlobalSection
	GlobalSection(ExtensibilityGlobals) = postSolution
		SolutionGuid = {7642D8A5-CC45-4766-B197-EEB7B14671AC}
	EndGlobalSection
EndGlobal
